
Microsoft Visual Studio Solution File, Format Version 12.00
# Visual Studio Version 17
VisualStudioVersion = 17.1.32210.238
MinimumVisualStudioVersion = 10.0.40219.1
Project("{FAE04EC0-301F-11D3-BF4B-00C04F79EFBC}") = "LS1-2", "Lab1\LS1-2.csproj", "{75F778E1-9DDC-4805-A865-28F04077EDED}"
EndProject
Global
	GlobalSection(SolutionConfigurationPlatforms) = preSolution
		Debug|Any CPU = Debug|Any CPU
		Release|Any CPU = Release|Any CPU
	EndGlobalSection
	GlobalSection(ProjectConfigurationPlatforms) = postSolution
		{75F778E1-9DDC-4805-A865-28F04077EDED}.Debug|Any CPU.ActiveCfg = Debug|Any CPU
		{75F778E1-9DDC-4805-A865-28F04077EDED}.Debug|Any CPU.Build.0 = Debug|Any CPU
		{75F778E1-9DDC-4805-A865-28F04077EDED}.Release|Any CPU.ActiveCfg = Release|Any CPU
		{75F778E1-9DDC-4805-A865-28F04077EDED}.Release|Any CPU.Build.0 = Release|Any CPU
	EndGlobalSection
	GlobalSection(SolutionProperties) = preSolution
		HideSolutionNode = FALSE
	EndGlobalSection
	GlobalSection(ExtensibilityGlobals) = postSolution
		SolutionGuid = {B47523D5-9BED-409C-9D82-A01A113C3881}
	EndGlobalSection
EndGlobal
